
Microsoft Visual Studio Solution File, Format Version 12.00
# Visual Studio 2013
VisualStudioVersion = 12.0.40629.0
MinimumVisualStudioVersion = 10.0.40219.1
Project("{FAE04EC0-301F-11D3-BF4B-00C04F79EFBC}") = "ProjectMuteSheet", "ProjectMuteSheet\ProjectMuteSheet.csproj", "{AC063F92-20D5-40EE-91F9-FB4B66805C53}"
EndProject
Project("{FAE04EC0-301F-11D3-BF4B-00C04F79EFBC}") = "ProjectMuteSheetTest", "ProjectMuteSheetTest\ProjectMuteSheetTest.csproj", "{364D501F-11B4-4D8E-9043-347670C58338}"
EndProject
Global
	GlobalSection(SolutionConfigurationPlatforms) = preSolution
		Debug|Any CPU = Debug|Any CPU
		Release|Any CPU = Release|Any CPU
	EndGlobalSection
	GlobalSection(ProjectConfigurationPlatforms) = postSolution
		{AC063F92-20D5-40EE-91F9-FB4B66805C53}.Debug|Any CPU.ActiveCfg = Debug|Any CPU
		{AC063F92-20D5-40EE-91F9-FB4B66805C53}.Debug|Any CPU.Build.0 = Debug|Any CPU
		{AC063F92-20D5-40EE-91F9-FB4B66805C53}.Release|Any CPU.ActiveCfg = Release|Any CPU
		{AC063F92-20D5-40EE-91F9-FB4B66805C53}.Release|Any CPU.Build.0 = Release|Any CPU
		{364D501F-11B4-4D8E-9043-347670C58338}.Debug|Any CPU.ActiveCfg = Debug|Any CPU
		{364D501F-11B4-4D8E-9043-347670C58338}.Debug|Any CPU.Build.0 = Debug|Any CPU
		{364D501F-11B4-4D8E-9043-347670C58338}.Release|Any CPU.ActiveCfg = Release|Any CPU
		{364D501F-11B4-4D8E-9043-347670C58338}.Release|Any CPU.Build.0 = Release|Any CPU
	EndGlobalSection
	GlobalSection(SolutionProperties) = preSolution
		HideSolutionNode = FALSE
	EndGlobalSection
	GlobalSection(ExtensibilityGlobals) = postSolution
		SolutionGuid = {A5732488-BA54-4412-8052-794A037F8C3A}
	EndGlobalSection
EndGlobal
